// !$*UTF8*$!
{
	archiveVersion = 1;
	classes = {
	};
	objectVersion = 56;
	objects = {

/* Begin PBXBuildFile section */
		E6139A742B469E0F008F0B00 /* ODRTestApp.swift in Sources */ = {isa = PBXBuildFile; fileRef = E6139A732B469E0F008F0B00 /* ODRTestApp.swift */; };
		E6139A762B469E0F008F0B00 /* ContentView.swift in Sources */ = {isa = PBXBuildFile; fileRef = E6139A752B469E0F008F0B00 /* ContentView.swift */; };
		E6139A782B469E10008F0B00 /* Assets.xcassets in Resources */ = {isa = PBXBuildFile; fileRef = E6139A772B469E10008F0B00 /* Assets.xcassets */; };
		E6139A7B2B469E10008F0B00 /* Preview Assets.xcassets in Resources */ = {isa = PBXBuildFile; fileRef = E6139A7A2B469E10008F0B00 /* Preview Assets.xcassets */; };
		E6BB76742B47031D00E1F3E2 /* index.html in Resources */ = {isa = PBXBuildFile; fileRef = E6BB76732B47031C00E1F3E2 /* index.html */; };
		E6FF88C22B46A85B004460A2 /* ContentViewModel.swift in Sources */ = {isa = PBXBuildFile; fileRef = E6FF88C12B46A85B004460A2 /* ContentViewModel.swift */; };
		E6FF88C62B46ACAD004460A2 /* WebView.swift in Sources */ = {isa = PBXBuildFile; fileRef = E6FF88C52B46ACAD004460A2 /* WebView.swift */; };
		E6FF88C92B46AD63004460A2 /* IdentifiableURL.swift in Sources */ = {isa = PBXBuildFile; fileRef = E6FF88C82B46AD63004460A2 /* IdentifiableURL.swift */; };
		E6FF88CC2B46AF43004460A2 /* GCDWebServer in Frameworks */ = {isa = PBXBuildFile; productRef = E6FF88CB2B46AF43004460A2 /* GCDWebServer */; };
		E6FF88CF2B46AF65004460A2 /* WebServerManager.swift in Sources */ = {isa = PBXBuildFile; fileRef = E6FF88CE2B46AF65004460A2 /* WebServerManager.swift */; };
/* End PBXBuildFile section */

/* Begin PBXFileReference section */
		E6139A702B469E0F008F0B00 /* ODRTest.app */ = {isa = PBXFileReference; explicitFileType = wrapper.application; includeInIndex = 0; path = ODRTest.app; sourceTree = BUILT_PRODUCTS_DIR; };
		E6139A732B469E0F008F0B00 /* ODRTestApp.swift */ = {isa = PBXFileReference; lastKnownFileType = sourcecode.swift; path = ODRTestApp.swift; sourceTree = "<group>"; };
		E6139A752B469E0F008F0B00 /* ContentView.swift */ = {isa = PBXFileReference; lastKnownFileType = sourcecode.swift; name = ContentView.swift; path = ../../../../../../../../../Users/ilasmirzoev/ODRTest/ODRTest/ContentView.swift; sourceTree = SDKROOT; };
		E6139A772B469E10008F0B00 /* Assets.xcassets */ = {isa = PBXFileReference; lastKnownFileType = folder.assetcatalog; path = Assets.xcassets; sourceTree = "<group>"; };
		E6139A7A2B469E10008F0B00 /* Preview Assets.xcassets */ = {isa = PBXFileReference; lastKnownFileType = folder.assetcatalog; path = "Preview Assets.xcassets"; sourceTree = "<group>"; };
		E6BB76732B47031C00E1F3E2 /* index.html */ = {isa = PBXFileReference; fileEncoding = 4; lastKnownFileType = text.html; path = index.html; sourceTree = "<group>"; };
		E6FF88C12B46A85B004460A2 /* ContentViewModel.swift */ = {isa = PBXFileReference; lastKnownFileType = sourcecode.swift; path = ContentViewModel.swift; sourceTree = "<group>"; };
		E6FF88C52B46ACAD004460A2 /* WebView.swift */ = {isa = PBXFileReference; lastKnownFileType = sourcecode.swift; path = WebView.swift; sourceTree = "<group>"; };
		E6FF88C82B46AD63004460A2 /* IdentifiableURL.swift */ = {isa = PBXFileReference; lastKnownFileType = sourcecode.swift; path = IdentifiableURL.swift; sourceTree = "<group>"; };
		E6FF88CE2B46AF65004460A2 /* WebServerManager.swift */ = {isa = PBXFileReference; lastKnownFileType = sourcecode.swift; path = WebServerManager.swift; sourceTree = "<group>"; };
/* End PBXFileReference section */

/* Begin PBXFrameworksBuildPhase section */
		E6139A6D2B469E0F008F0B00 /* Frameworks */ = {
			isa = PBXFrameworksBuildPhase;
			buildActionMask = 2147483647;
			files = (
				E6FF88CC2B46AF43004460A2 /* GCDWebServer in Frameworks */,
			);
			runOnlyForDeploymentPostprocessing = 0;
		};
/* End PBXFrameworksBuildPhase section */

/* Begin PBXGroup section */
		E6139A672B469E0F008F0B00 = {
			isa = PBXGroup;
			children = (
				E6139A722B469E0F008F0B00 /* ODRTest */,
				E6139A712B469E0F008F0B00 /* Products */,
			);
			sourceTree = "<group>";
		};
		E6139A712B469E0F008F0B00 /* Products */ = {
			isa = PBXGroup;
			children = (
				E6139A702B469E0F008F0B00 /* ODRTest.app */,
			);
			name = Products;
			sourceTree = "<group>";
		};
		E6139A722B469E0F008F0B00 /* ODRTest */ = {
			isa = PBXGroup;
			children = (
				E6FF88CD2B46AF52004460A2 /* Managers */,
				E6FF88C72B46AD5C004460A2 /* Helpers */,
				E6139A732B469E0F008F0B00 /* ODRTestApp.swift */,
				E6FF88C52B46ACAD004460A2 /* WebView.swift */,
				E6139A752B469E0F008F0B00 /* ContentView.swift */,
				E6FF88C12B46A85B004460A2 /* ContentViewModel.swift */,
				E6139A772B469E10008F0B00 /* Assets.xcassets */,
				E6139A792B469E10008F0B00 /* Preview Content */,
			);
			path = ODRTest;
			sourceTree = "<group>";
		};
		E6139A792B469E10008F0B00 /* Preview Content */ = {
			isa = PBXGroup;
			children = (
				E6139A7A2B469E10008F0B00 /* Preview Assets.xcassets */,
			);
			path = "Preview Content";
			sourceTree = "<group>";
		};
		E6FF88C72B46AD5C004460A2 /* Helpers */ = {
			isa = PBXGroup;
			children = (
				E6BB76732B47031C00E1F3E2 /* index.html */,
				E6FF88C82B46AD63004460A2 /* IdentifiableURL.swift */,
			);
			path = Helpers;
			sourceTree = "<group>";
		};
		E6FF88CD2B46AF52004460A2 /* Managers */ = {
			isa = PBXGroup;
			children = (
				E6FF88CE2B46AF65004460A2 /* WebServerManager.swift */,
			);
			path = Managers;
			sourceTree = "<group>";
		};
/* End PBXGroup section */

/* Begin PBXNativeTarget section */
		E6139A6F2B469E0F008F0B00 /* ODRTest */ = {
			isa = PBXNativeTarget;
			buildConfigurationList = E6139A7E2B469E10008F0B00 /* Build configuration list for PBXNativeTarget "ODRTest" */;
			buildPhases = (
				E6139A6C2B469E0F008F0B00 /* Sources */,
				E6139A6D2B469E0F008F0B00 /* Frameworks */,
				E6139A6E2B469E0F008F0B00 /* Resources */,
			);
			buildRules = (
			);
			dependencies = (
			);
			name = ODRTest;
			packageProductDependencies = (
				E6FF88CB2B46AF43004460A2 /* GCDWebServer */,
			);
			productName = ODRTest;
			productReference = E6139A702B469E0F008F0B00 /* ODRTest.app */;
			productType = "com.apple.product-type.application";
		};
/* End PBXNativeTarget section */

/* Begin PBXProject section */
		E6139A682B469E0F008F0B00 /* Project object */ = {
			isa = PBXProject;
			attributes = {
				BuildIndependentTargetsInParallel = 1;
				KnownAssetTags = (
					tag,
				);
				LastSwiftUpdateCheck = 1510;
				LastUpgradeCheck = 1510;
				TargetAttributes = {
					E6139A6F2B469E0F008F0B00 = {
						CreatedOnToolsVersion = 15.1;
					};
				};
			};
			buildConfigurationList = E6139A6B2B469E0F008F0B00 /* Build configuration list for PBXProject "ODRTest" */;
			compatibilityVersion = "Xcode 14.0";
			developmentRegion = en;
			hasScannedForEncodings = 0;
			knownRegions = (
				en,
				Base,
			);
			mainGroup = E6139A672B469E0F008F0B00;
			packageReferences = (
				E6FF88CA2B46AF43004460A2 /* XCRemoteSwiftPackageReference "GCDWebServer" */,
			);
			productRefGroup = E6139A712B469E0F008F0B00 /* Products */;
			projectDirPath = "";
			projectRoot = "";
			targets = (
				E6139A6F2B469E0F008F0B00 /* ODRTest */,
			);
		};
/* End PBXProject section */

/* Begin PBXResourcesBuildPhase section */
		E6139A6E2B469E0F008F0B00 /* Resources */ = {
			isa = PBXResourcesBuildPhase;
			buildActionMask = 2147483647;
			files = (
				E6BB76742B47031D00E1F3E2 /* index.html in Resources */,
				E6139A7B2B469E10008F0B00 /* Preview Assets.xcassets in Resources */,
				E6139A782B469E10008F0B00 /* Assets.xcassets in Resources */,
			);
			runOnlyForDeploymentPostprocessing = 0;
		};
/* End PBXResourcesBuildPhase section */

/* Begin PBXSourcesBuildPhase section */
		E6139A6C2B469E0F008F0B00 /* Sources */ = {
			isa = PBXSourcesBuildPhase;
			buildActionMask = 2147483647;
			files = (
				E6FF88C92B46AD63004460A2 /* IdentifiableURL.swift in Sources */,
				E6FF88CF2B46AF65004460A2 /* WebServerManager.swift in Sources */,
				E6139A762B469E0F008F0B00 /* ContentView.swift in Sources */,
				E6FF88C62B46ACAD004460A2 /* WebView.swift in Sources */,
				E6139A742B469E0F008F0B00 /* ODRTestApp.swift in Sources */,
				E6FF88C22B46A85B004460A2 /* ContentViewModel.swift in Sources */,
			);
			runOnlyForDeploymentPostprocessing = 0;
		};
/* End PBXSourcesBuildPhase section */

/* Begin XCBuildConfiguration section */
		E6139A7C2B469E10008F0B00 /* Debug */ = {
			isa = XCBuildConfiguration;
			buildSettings = {
				ALWAYS_SEARCH_USER_PATHS = NO;
				ASSETCATALOG_COMPILER_GENERATE_SWIFT_ASSET_SYMBOL_EXTENSIONS = YES;
				CLANG_ANALYZER_NONNULL = YES;
				CLANG_ANALYZER_NUMBER_OBJECT_CONVERSION = YES_AGGRESSIVE;
				CLANG_CXX_LANGUAGE_STANDARD = "gnu++20";
				CLANG_ENABLE_MODULES = YES;
				CLANG_ENABLE_OBJC_ARC = YES;
				CLANG_ENABLE_OBJC_WEAK = YES;
				CLANG_WARN_BLOCK_CAPTURE_AUTORELEASING = YES;
				CLANG_WARN_BOOL_CONVERSION = YES;
				CLANG_WARN_COMMA = YES;
				CLANG_WARN_CONSTANT_CONVERSION = YES;
				CLANG_WARN_DEPRECATED_OBJC_IMPLEMENTATIONS = YES;
				CLANG_WARN_DIRECT_OBJC_ISA_USAGE = YES_ERROR;
				CLANG_WARN_DOCUMENTATION_COMMENTS = YES;
				CLANG_WARN_EMPTY_BODY = YES;
				CLANG_WARN_ENUM_CONVERSION = YES;
				CLANG_WARN_INFINITE_RECURSION = YES;
				CLANG_WARN_INT_CONVERSION = YES;
				CLANG_WARN_NON_LITERAL_NULL_CONVERSION = YES;
				CLANG_WARN_OBJC_IMPLICIT_RETAIN_SELF = YES;
				CLANG_WARN_OBJC_LITERAL_CONVERSION = YES;
				CLANG_WARN_OBJC_ROOT_CLASS = YES_ERROR;
				CLANG_WARN_QUOTED_INCLUDE_IN_FRAMEWORK_HEADER = YES;
				CLANG_WARN_RANGE_LOOP_ANALYSIS = YES;
				CLANG_WARN_STRICT_PROTOTYPES = YES;
				CLANG_WARN_SUSPICIOUS_MOVE = YES;
				CLANG_WARN_UNGUARDED_AVAILABILITY = YES_AGGRESSIVE;
				CLANG_WARN_UNREACHABLE_CODE = YES;
				CLANG_WARN__DUPLICATE_METHOD_MATCH = YES;
				COPY_PHASE_STRIP = NO;
				DEBUG_INFORMATION_FORMAT = dwarf;
				ENABLE_STRICT_OBJC_MSGSEND = YES;
				ENABLE_TESTABILITY = YES;
				ENABLE_USER_SCRIPT_SANDBOXING = YES;
				GCC_C_LANGUAGE_STANDARD = gnu17;
				GCC_DYNAMIC_NO_PIC = NO;
				GCC_NO_COMMON_BLOCKS = YES;
				GCC_OPTIMIZATION_LEVEL = 0;
				GCC_PREPROCESSOR_DEFINITIONS = (
					"DEBUG=1",
					"$(inherited)",
				);
				GCC_WARN_64_TO_32_BIT_CONVERSION = YES;
				GCC_WARN_ABOUT_RETURN_TYPE = YES_ERROR;
				GCC_WARN_UNDECLARED_SELECTOR = YES;
				GCC_WARN_UNINITIALIZED_AUTOS = YES_AGGRESSIVE;
				GCC_WARN_UNUSED_FUNCTION = YES;
				GCC_WARN_UNUSED_VARIABLE = YES;
				IPHONEOS_DEPLOYMENT_TARGET = 17.2;
				LOCALIZATION_PREFERS_STRING_CATALOGS = YES;
				MTL_ENABLE_DEBUG_INFO = INCLUDE_SOURCE;
				MTL_FAST_MATH = YES;
				ONLY_ACTIVE_ARCH = YES;
				SDKROOT = iphoneos;
				SWIFT_ACTIVE_COMPILATION_CONDITIONS = "DEBUG $(inherited)";
				SWIFT_OPTIMIZATION_LEVEL = "-Onone";
			};
			name = Debug;
		};
		E6139A7D2B469E10008F0B00 /* Release */ = {
			isa = XCBuildConfiguration;
			buildSettings = {
				ALWAYS_SEARCH_USER_PATHS = NO;
				ASSETCATALOG_COMPILER_GENERATE_SWIFT_ASSET_SYMBOL_EXTENSIONS = YES;
				CLANG_ANALYZER_NONNULL = YES;
				CLANG_ANALYZER_NUMBER_OBJECT_CONVERSION = YES_AGGRESSIVE;
				CLANG_CXX_LANGUAGE_STANDARD = "gnu++20";
				CLANG_ENABLE_MODULES = YES;
				CLANG_ENABLE_OBJC_ARC = YES;
				CLANG_ENABLE_OBJC_WEAK = YES;
				CLANG_WARN_BLOCK_CAPTURE_AUTORELEASING = YES;
				CLANG_WARN_BOOL_CONVERSION = YES;
				CLANG_WARN_COMMA = YES;
				CLANG_WARN_CONSTANT_CONVERSION = YES;
				CLANG_WARN_DEPRECATED_OBJC_IMPLEMENTATIONS = YES;
				CLANG_WARN_DIRECT_OBJC_ISA_USAGE = YES_ERROR;
				CLANG_WARN_DOCUMENTATION_COMMENTS = YES;
				CLANG_WARN_EMPTY_BODY = YES;
				CLANG_WARN_ENUM_CONVERSION = YES;
				CLANG_WARN_INFINITE_RECURSION = YES;
				CLANG_WARN_INT_CONVERSION = YES;
				CLANG_WARN_NON_LITERAL_NULL_CONVERSION = YES;
				CLANG_WARN_OBJC_IMPLICIT_RETAIN_SELF = YES;
				CLANG_WARN_OBJC_LITERAL_CONVERSION = YES;
				CLANG_WARN_OBJC_ROOT_CLASS = YES_ERROR;
				CLANG_WARN_QUOTED_INCLUDE_IN_FRAMEWORK_HEADER = YES;
				CLANG_WARN_RANGE_LOOP_ANALYSIS = YES;
				CLANG_WARN_STRICT_PROTOTYPES = YES;
				CLANG_WARN_SUSPICIOUS_MOVE = YES;
				CLANG_WARN_UNGUARDED_AVAILABILITY = YES_AGGRESSIVE;
				CLANG_WARN_UNREACHABLE_CODE = YES;
				CLANG_WARN__DUPLICATE_METHOD_MATCH = YES;
				COPY_PHASE_STRIP = NO;
				DEBUG_INFORMATION_FORMAT = "dwarf-with-dsym";
				ENABLE_NS_ASSERTIONS = NO;
				ENABLE_STRICT_OBJC_MSGSEND = YES;
				ENABLE_USER_SCRIPT_SANDBOXING = YES;
				GCC_C_LANGUAGE_STANDARD = gnu17;
				GCC_NO_COMMON_BLOCKS = YES;
				GCC_WARN_64_TO_32_BIT_CONVERSION = YES;
				GCC_WARN_ABOUT_RETURN_TYPE = YES_ERROR;
				GCC_WARN_UNDECLARED_SELECTOR = YES;
				GCC_WARN_UNINITIALIZED_AUTOS = YES_AGGRESSIVE;
				GCC_WARN_UNUSED_FUNCTION = YES;
				GCC_WARN_UNUSED_VARIABLE = YES;
				IPHONEOS_DEPLOYMENT_TARGET = 17.2;
				LOCALIZATION_PREFERS_STRING_CATALOGS = YES;
				MTL_ENABLE_DEBUG_INFO = NO;
				MTL_FAST_MATH = YES;
				SDKROOT = iphoneos;
				SWIFT_COMPILATION_MODE = wholemodule;
				VALIDATE_PRODUCT = YES;
			};
			name = Release;
		};
		E6139A7F2B469E10008F0B00 /* Debug */ = {
			isa = XCBuildConfiguration;
			buildSettings = {
				ASSETCATALOG_COMPILER_APPICON_NAME = AppIcon;
				ASSETCATALOG_COMPILER_GLOBAL_ACCENT_COLOR_NAME = AccentColor;
				CODE_SIGN_STYLE = Automatic;
				CURRENT_PROJECT_VERSION = 1;
				DEVELOPMENT_ASSET_PATHS = "\"ODRTest/Preview Content\"";
				DEVELOPMENT_TEAM = 9UAQ88N2W4;
				ENABLE_PREVIEWS = YES;
				GENERATE_INFOPLIST_FILE = YES;
				INFOPLIST_KEY_UIApplicationSceneManifest_Generation = YES;
				INFOPLIST_KEY_UIApplicationSupportsIndirectInputEvents = YES;
				INFOPLIST_KEY_UILaunchScreen_Generation = YES;
				INFOPLIST_KEY_UISupportedInterfaceOrientations_iPad = "UIInterfaceOrientationPortrait UIInterfaceOrientationPortraitUpsideDown UIInterfaceOrientationLandscapeLeft UIInterfaceOrientationLandscapeRight";
				INFOPLIST_KEY_UISupportedInterfaceOrientations_iPhone = "UIInterfaceOrientationPortrait UIInterfaceOrientationLandscapeLeft UIInterfaceOrientationLandscapeRight";
				IPHONEOS_DEPLOYMENT_TARGET = 17.0;
				LD_RUNPATH_SEARCH_PATHS = (
					"$(inherited)",
					"@executable_path/Frameworks",
				);
				MARKETING_VERSION = 1.0;
				PRODUCT_BUNDLE_IDENTIFIER = kek.ODRTest;
				PRODUCT_NAME = "$(TARGET_NAME)";
				SWIFT_EMIT_LOC_STRINGS = YES;
				SWIFT_VERSION = 5.0;
				TARGETED_DEVICE_FAMILY = "1,2";
			};
			name = Debug;
		};
		E6139A802B469E10008F0B00 /* Release */ = {
			isa = XCBuildConfiguration;
			buildSettings = {
				ASSETCATALOG_COMPILER_APPICON_NAME = AppIcon;
				ASSETCATALOG_COMPILER_GLOBAL_ACCENT_COLOR_NAME = AccentColor;
				CODE_SIGN_STYLE = Automatic;
				CURRENT_PROJECT_VERSION = 1;
				DEVELOPMENT_ASSET_PATHS = "\"ODRTest/Preview Content\"";
				DEVELOPMENT_TEAM = 9UAQ88N2W4;
				ENABLE_PREVIEWS = YES;
				GENERATE_INFOPLIST_FILE = YES;
				INFOPLIST_KEY_UIApplicationSceneManifest_Generation = YES;
				INFOPLIST_KEY_UIApplicationSupportsIndirectInputEvents = YES;
				INFOPLIST_KEY_UILaunchScreen_Generation = YES;
				INFOPLIST_KEY_UISupportedInterfaceOrientations_iPad = "UIInterfaceOrientationPortrait UIInterfaceOrientationPortraitUpsideDown UIInterfaceOrientationLandscapeLeft UIInterfaceOrientationLandscapeRight";
				INFOPLIST_KEY_UISupportedInterfaceOrientations_iPhone = "UIInterfaceOrientationPortrait UIInterfaceOrientationLandscapeLeft UIInterfaceOrientationLandscapeRight";
				IPHONEOS_DEPLOYMENT_TARGET = 17.0;
				LD_RUNPATH_SEARCH_PATHS = (
					"$(inherited)",
					"@executable_path/Frameworks",
				);
				MARKETING_VERSION = 1.0;
				PRODUCT_BUNDLE_IDENTIFIER = ODR.ODRTest;
				PRODUCT_NAME = "$(TARGET_NAME)";
				SWIFT_EMIT_LOC_STRINGS = YES;
				SWIFT_VERSION = 5.0;
				TARGETED_DEVICE_FAMILY = "1,2";
			};
			name = Release;
		};
/* End XCBuildConfiguration section */

/* Begin XCConfigurationList section */
		E6139A6B2B469E0F008F0B00 /* Build configuration list for PBXProject "ODRTest" */ = {
			isa = XCConfigurationList;
			buildConfigurations = (
				E6139A7C2B469E10008F0B00 /* Debug */,
				E6139A7D2B469E10008F0B00 /* Release */,
			);
			defaultConfigurationIsVisible = 0;
			defaultConfigurationName = Release;
		};
		E6139A7E2B469E10008F0B00 /* Build configuration list for PBXNativeTarget "ODRTest" */ = {
			isa = XCConfigurationList;
			buildConfigurations = (
				E6139A7F2B469E10008F0B00 /* Debug */,
				E6139A802B469E10008F0B00 /* Release */,
			);
			defaultConfigurationIsVisible = 0;
			defaultConfigurationName = Release;
		};
/* End XCConfigurationList section */

/* Begin XCRemoteSwiftPackageReference section */
		E6FF88CA2B46AF43004460A2 /* XCRemoteSwiftPackageReference "GCDWebServer" */ = {
			isa = XCRemoteSwiftPackageReference;
			repositoryURL = "https://github.com/yene/GCDWebServer";
			requirement = {
				kind = upToNextMajorVersion;
				minimumVersion = 3.5.7;
			};
		};
/* End XCRemoteSwiftPackageReference section */

/* Begin XCSwiftPackageProductDependency section */
		E6FF88CB2B46AF43004460A2 /* GCDWebServer */ = {
			isa = XCSwiftPackageProductDependency;
			package = E6FF88CA2B46AF43004460A2 /* XCRemoteSwiftPackageReference "GCDWebServer" */;
			productName = GCDWebServer;
		};
/* End XCSwiftPackageProductDependency section */
	};
	rootObject = E6139A682B469E0F008F0B00 /* Project object */;
}
